// !$*UTF8*$!
{
	archiveVersion = 1;
	classes = {
	};
	objectVersion = 77;
	objects = {

/* Begin PBXContainerItemProxy section */
		F52888202E161E5600088EC7 /* PBXContainerItemProxy */ = {
			isa = PBXContainerItemProxy;
			containerPortal = F52887FE2E161E5500088EC7 /* Project object */;
			proxyType = 1;
			remoteGlobalIDString = F52888052E161E5500088EC7;
			remoteInfo = DarkMatterUI;
		};
		F528882A2E161E5600088EC7 /* PBXContainerItemProxy */ = {
			isa = PBXContainerItemProxy;
			containerPortal = F52887FE2E161E5500088EC7 /* Project object */;
			proxyType = 1;
			remoteGlobalIDString = F52888052E161E5500088EC7;
			remoteInfo = DarkMatterUI;
		};
/* End PBXContainerItemProxy section */

/* Begin PBXFileReference section */
		F52888062E161E5500088EC7 /* DarkMatterUI.app */ = {isa = PBXFileReference; explicitFileType = wrapper.application; includeInIndex = 0; path = DarkMatterUI.app; sourceTree = BUILT_PRODUCTS_DIR; };
		F528881F2E161E5600088EC7 /* DarkMatterUITests.xctest */ = {isa = PBXFileReference; explicitFileType = wrapper.cfbundle; includeInIndex = 0; path = DarkMatterUITests.xctest; sourceTree = BUILT_PRODUCTS_DIR; };
		F52888292E161E5600088EC7 /* DarkMatterUIUITests.xctest */ = {isa = PBXFileReference; explicitFileType = wrapper.cfbundle; includeInIndex = 0; path = DarkMatterUIUITests.xctest; sourceTree = BUILT_PRODUCTS_DIR; };
/* End PBXFileReference section */

/* Begin PBXFileSystemSynchronizedBuildFileExceptionSet section */
		F52888312E161E5600088EC7 /* Exceptions for "DarkMatterUI" folder in "DarkMatterUI" target */ = {
			isa = PBXFileSystemSynchronizedBuildFileExceptionSet;
			membershipExceptions = (
				Info.plist,
			);
			target = F52888052E161E5500088EC7 /* DarkMatterUI */;
		};
/* End PBXFileSystemSynchronizedBuildFileExceptionSet section */

/* Begin PBXFileSystemSynchronizedRootGroup section */
		F52888082E161E5500088EC7 /* DarkMatterUI */ = {
			isa = PBXFileSystemSynchronizedRootGroup;
			exceptions = (
				F52888312E161E5600088EC7 /* Exceptions for "DarkMatterUI" folder in "DarkMatterUI" target */,
			);
			path = DarkMatterUI;
			sourceTree = "<group>";
		};
		F52888222E161E5600088EC7 /* DarkMatterUITests */ = {
			isa = PBXFileSystemSynchronizedRootGroup;
			path = DarkMatterUITests;
			sourceTree = "<group>";
		};
		F528882C2E161E5600088EC7 /* DarkMatterUIUITests */ = {
			isa = PBXFileSystemSynchronizedRootGroup;
			path = DarkMatterUIUITests;
			sourceTree = "<group>";
		};
/* End PBXFileSystemSynchronizedRootGroup section */

/* Begin PBXFrameworksBuildPhase section */
		F52888032E161E5500088EC7 /* Frameworks */ = {
			isa = PBXFrameworksBuildPhase;
			buildActionMask = 2147483647;
			files = (
			);
			runOnlyForDeploymentPostprocessing = 0;
		};
		F528881C2E161E5600088EC7 /* Frameworks */ = {
			isa = PBXFrameworksBuildPhase;
			buildActionMask = 2147483647;
			files = (
			);
			runOnlyForDeploymentPostprocessing = 0;
		};
		F52888262E161E5600088EC7 /* Frameworks */ = {
			isa = PBXFrameworksBuildPhase;
			buildActionMask = 2147483647;
			files = (
			);
			runOnlyForDeploymentPostprocessing = 0;
		};
/* End PBXFrameworksBuildPhase section */

/* Begin PBXGroup section */
		F52887FD2E161E5500088EC7 = {
			isa = PBXGroup;
			children = (
				F52888082E161E5500088EC7 /* DarkMatterUI */,
				F52888222E161E5600088EC7 /* DarkMatterUITests */,
				F528882C2E161E5600088EC7 /* DarkMatterUIUITests */,
				F52888072E161E5500088EC7 /* Products */,
			);
			sourceTree = "<group>";
		};
		F52888072E161E5500088EC7 /* Products */ = {
			isa = PBXGroup;
			children = (
				F52888062E161E5500088EC7 /* DarkMatterUI.app */,
				F528881F2E161E5600088EC7 /* DarkMatterUITests.xctest */,
				F52888292E161E5600088EC7 /* DarkMatterUIUITests.xctest */,
			);
			name = Products;
			sourceTree = "<group>";
		};
/* End PBXGroup section */

/* Begin PBXNativeTarget section */
		F52888052E161E5500088EC7 /* DarkMatterUI */ = {
			isa = PBXNativeTarget;
			buildConfigurationList = F52888322E161E5600088EC7 /* Build configuration list for PBXNativeTarget "DarkMatterUI" */;
			buildPhases = (
				F52888022E161E5500088EC7 /* Sources */,
				F52888032E161E5500088EC7 /* Frameworks */,
				F52888042E161E5500088EC7 /* Resources */,
			);
			buildRules = (
			);
			dependencies = (
			);
			fileSystemSynchronizedGroups = (
				F52888082E161E5500088EC7 /* DarkMatterUI */,
			);
			name = DarkMatterUI;
			packageProductDependencies = (
			);
			productName = DarkMatterUI;
			productReference = F52888062E161E5500088EC7 /* DarkMatterUI.app */;
			productType = "com.apple.product-type.application";
		};
		F528881E2E161E5600088EC7 /* DarkMatterUITests */ = {
			isa = PBXNativeTarget;
			buildConfigurationList = F52888372E161E5600088EC7 /* Build configuration list for PBXNativeTarget "DarkMatterUITests" */;
			buildPhases = (
				F528881B2E161E5600088EC7 /* Sources */,
				F528881C2E161E5600088EC7 /* Frameworks */,
				F528881D2E161E5600088EC7 /* Resources */,
			);
			buildRules = (
			);
			dependencies = (
				F52888212E161E5600088EC7 /* PBXTargetDependency */,
			);
			fileSystemSynchronizedGroups = (
				F52888222E161E5600088EC7 /* DarkMatterUITests */,
			);
			name = DarkMatterUITests;
			packageProductDependencies = (
			);
			productName = DarkMatterUITests;
			productReference = F528881F2E161E5600088EC7 /* DarkMatterUITests.xctest */;
			productType = "com.apple.product-type.bundle.unit-test";
		};
		F52888282E161E5600088EC7 /* DarkMatterUIUITests */ = {
			isa = PBXNativeTarget;
			buildConfigurationList = F528883A2E161E5600088EC7 /* Build configuration list for PBXNativeTarget "DarkMatterUIUITests" */;
			buildPhases = (
				F52888252E161E5600088EC7 /* Sources */,
				F52888262E161E5600088EC7 /* Frameworks */,
				F52888272E161E5600088EC7 /* Resources */,
			);
			buildRules = (
			);
			dependencies = (
				F528882B2E161E5600088EC7 /* PBXTargetDependency */,
			);
			fileSystemSynchronizedGroups = (
				F528882C2E161E5600088EC7 /* DarkMatterUIUITests */,
			);
			name = DarkMatterUIUITests;
			packageProductDependencies = (
			);
			productName = DarkMatterUIUITests;
			productReference = F52888292E161E5600088EC7 /* DarkMatterUIUITests.xctest */;
			productType = "com.apple.product-type.bundle.ui-testing";
		};
/* End PBXNativeTarget section */

/* Begin PBXProject section */
		F52887FE2E161E5500088EC7 /* Project object */ = {
			isa = PBXProject;
			attributes = {
				BuildIndependentTargetsInParallel = 1;
				LastSwiftUpdateCheck = 1640;
				LastUpgradeCheck = 1640;
				TargetAttributes = {
					F52888052E161E5500088EC7 = {
						CreatedOnToolsVersion = 16.4;
					};
					F528881E2E161E5600088EC7 = {
						CreatedOnToolsVersion = 16.4;
						TestTargetID = F52888052E161E5500088EC7;
					};
					F52888282E161E5600088EC7 = {
						CreatedOnToolsVersion = 16.4;
						TestTargetID = F52888052E161E5500088EC7;
					};
				};
			};
			buildConfigurationList = F52888012E161E5500088EC7 /* Build configuration list for PBXProject "DarkMatterUI" */;
			developmentRegion = en;
			hasScannedForEncodings = 0;
			knownRegions = (
				en,
				Base,
			);
			mainGroup = F52887FD2E161E5500088EC7;
			minimizedProjectReferenceProxies = 1;
			preferredProjectObjectVersion = 77;
			productRefGroup = F52888072E161E5500088EC7 /* Products */;
			projectDirPath = "";
			projectRoot = "";
			targets = (
				F52888052E161E5500088EC7 /* DarkMatterUI */,
				F528881E2E161E5600088EC7 /* DarkMatterUITests */,
				F52888282E161E5600088EC7 /* DarkMatterUIUITests */,
			);
		};
/* End PBXProject section */

/* Begin PBXResourcesBuildPhase section */
		F52888042E161E5500088EC7 /* Resources */ = {
			isa = PBXResourcesBuildPhase;
			buildActionMask = 2147483647;
			files = (
			);
			runOnlyForDeploymentPostprocessing = 0;
		};
		F528881D2E161E5600088EC7 /* Resources */ = {
			isa = PBXResourcesBuildPhase;
			buildActionMask = 2147483647;
			files = (
			);
			runOnlyForDeploymentPostprocessing = 0;
		};
		F52888272E161E5600088EC7 /* Resources */ = {
			isa = PBXResourcesBuildPhase;
			buildActionMask = 2147483647;
			files = (
			);
			runOnlyForDeploymentPostprocessing = 0;
		};
/* End PBXResourcesBuildPhase section */

/* Begin PBXSourcesBuildPhase section */
		F52888022E161E5500088EC7 /* Sources */ = {
			isa = PBXSourcesBuildPhase;
			buildActionMask = 2147483647;
			files = (
			);
			runOnlyForDeploymentPostprocessing = 0;
		};
		F528881B2E161E5600088EC7 /* Sources */ = {
			isa = PBXSourcesBuildPhase;
			buildActionMask = 2147483647;
			files = (
			);
			runOnlyForDeploymentPostprocessing = 0;
		};
		F52888252E161E5600088EC7 /* Sources */ = {
			isa = PBXSourcesBuildPhase;
			buildActionMask = 2147483647;
			files = (
			);
			runOnlyForDeploymentPostprocessing = 0;
		};
/* End PBXSourcesBuildPhase section */

/* Begin PBXTargetDependency section */
		F52888212E161E5600088EC7 /* PBXTargetDependency */ = {
			isa = PBXTargetDependency;
			target = F52888052E161E5500088EC7 /* DarkMatterUI */;
			targetProxy = F52888202E161E5600088EC7 /* PBXContainerItemProxy */;
		};
		F528882B2E161E5600088EC7 /* PBXTargetDependency */ = {
			isa = PBXTargetDependency;
			target = F52888052E161E5500088EC7 /* DarkMatterUI */;
			targetProxy = F528882A2E161E5600088EC7 /* PBXContainerItemProxy */;
		};
/* End PBXTargetDependency section */

/* Begin XCBuildConfiguration section */
		F52888332E161E5600088EC7 /* Debug */ = {
			isa = XCBuildConfiguration;
			buildSettings = {
				ASSETCATALOG_COMPILER_APPICON_NAME = AppIcon;
				ASSETCATALOG_COMPILER_GLOBAL_ACCENT_COLOR_NAME = AccentColor;
				CODE_SIGN_STYLE = Automatic;
				CURRENT_PROJECT_VERSION = 1;
				DEVELOPMENT_TEAM = NZYUF6MK32;
				GENERATE_INFOPLIST_FILE = YES;
				INFOPLIST_FILE = DarkMatterUI/Info.plist;
				INFOPLIST_KEY_UIApplicationSupportsIndirectInputEvents = YES;
				INFOPLIST_KEY_UILaunchStoryboardName = LaunchScreen;
				INFOPLIST_KEY_UIMainStoryboardFile = Main;
				INFOPLIST_KEY_UISupportedInterfaceOrientations_iPad = "UIInterfaceOrientationPortrait UIInterfaceOrientationPortraitUpsideDown UIInterfaceOrientationLandscapeLeft UIInterfaceOrientationLandscapeRight";
				INFOPLIST_KEY_UISupportedInterfaceOrientations_iPhone = "UIInterfaceOrientationPortrait UIInterfaceOrientationLandscapeLeft UIInterfaceOrientationLandscapeRight";
				LD_RUNPATH_SEARCH_PATHS = (
					"$(inherited)",
					"@executable_path/Frameworks",
				);
				MARKETING_VERSION = 1.0;
				PRODUCT_BUNDLE_IDENTIFIER = etonealbert.DarkMatterUI;
				PRODUCT_NAME = "$(TARGET_NAME)";
				SWIFT_EMIT_LOC_STRINGS = YES;
				SWIFT_VERSION = 5.0;
				TARGETED_DEVICE_FAMILY = "1,2";
			};
			name = Debug;
		};
		F52888342E161E5600088EC7 /* Release */ = {
			isa = XCBuildConfiguration;
			buildSettings = {
				ASSETCATALOG_COMPILER_APPICON_NAME = AppIcon;
				ASSETCATALOG_COMPILER_GLOBAL_ACCENT_COLOR_NAME = AccentColor;
				CODE_SIGN_STYLE = Automatic;
				CURRENT_PROJECT_VERSION = 1;
				DEVELOPMENT_TEAM = NZYUF6MK32;
				GENERATE_INFOPLIST_FILE = YES;
				INFOPLIST_FILE = DarkMatterUI/Info.plist;
				INFOPLIST_KEY_UIApplicationSupportsIndirectInputEvents = YES;
				INFOPLIST_KEY_UILaunchStoryboardName = LaunchScreen;
				INFOPLIST_KEY_UIMainStoryboardFile = Main;
				INFOPLIST_KEY_UISupportedInterfaceOrientations_iPad = "UIInterfaceOrientationPortrait UIInterfaceOrientationPortraitUpsideDown UIInterfaceOrientationLandscapeLeft UIInterfaceOrientationLandscapeRight";
				INFOPLIST_KEY_UISupportedInterfaceOrientations_iPhone = "UIInterfaceOrientationPortrait UIInterfaceOrientationLandscapeLeft UIInterfaceOrientationLandscapeRight";
				LD_RUNPATH_SEARCH_PATHS = (
					"$(inherited)",
					"@executable_path/Frameworks",
				);
				MARKETING_VERSION = 1.0;
				PRODUCT_BUNDLE_IDENTIFIER = etonealbert.DarkMatterUI;
				PRODUCT_NAME = "$(TARGET_NAME)";
				SWIFT_EMIT_LOC_STRINGS = YES;
				SWIFT_VERSION = 5.0;
				TARGETED_DEVICE_FAMILY = "1,2";
			};
			name = Release;
		};
		F52888352E161E5600088EC7 /* Debug */ = {
			isa = XCBuildConfiguration;
			buildSettings = {
				ALWAYS_SEARCH_USER_PATHS = NO;
				ASSETCATALOG_COMPILER_GENERATE_SWIFT_ASSET_SYMBOL_EXTENSIONS = YES;
				CLANG_ANALYZER_NONNULL = YES;
				CLANG_ANALYZER_NUMBER_OBJECT_CONVERSION = YES_AGGRESSIVE;
				CLANG_CXX_LANGUAGE_STANDARD = "gnu++20";
				CLANG_ENABLE_MODULES = YES;
				CLANG_ENABLE_OBJC_ARC = YES;
				CLANG_ENABLE_OBJC_WEAK = YES;
				CLANG_WARN_BLOCK_CAPTURE_AUTORELEASING = YES;
				CLANG_WARN_BOOL_CONVERSION = YES;
				CLANG_WARN_COMMA = YES;
				CLANG_WARN_CONSTANT_CONVERSION = YES;
				CLANG_WARN_DEPRECATED_OBJC_IMPLEMENTATIONS = YES;
				CLANG_WARN_DIRECT_OBJC_ISA_USAGE = YES_ERROR;
				CLANG_WARN_DOCUMENTATION_COMMENTS = YES;
				CLANG_WARN_EMPTY_BODY = YES;
				CLANG_WARN_ENUM_CONVERSION = YES;
				CLANG_WARN_INFINITE_RECURSION = YES;
				CLANG_WARN_INT_CONVERSION = YES;
				CLANG_WARN_NON_LITERAL_NULL_CONVERSION = YES;
				CLANG_WARN_OBJC_IMPLICIT_RETAIN_SELF = YES;
				CLANG_WARN_OBJC_LITERAL_CONVERSION = YES;
				CLANG_WARN_OBJC_ROOT_CLASS = YES_ERROR;
				CLANG_WARN_QUOTED_INCLUDE_IN_FRAMEWORK_HEADER = YES;
				CLANG_WARN_RANGE_LOOP_ANALYSIS = YES;
				CLANG_WARN_STRICT_PROTOTYPES = YES;
				CLANG_WARN_SUSPICIOUS_MOVE = YES;
				CLANG_WARN_UNGUARDED_AVAILABILITY = YES_AGGRESSIVE;
				CLANG_WARN_UNREACHABLE_CODE = YES;
				CLANG_WARN__DUPLICATE_METHOD_MATCH = YES;
				COPY_PHASE_STRIP = NO;
				DEBUG_INFORMATION_FORMAT = dwarf;
				DEVELOPMENT_TEAM = NZYUF6MK32;
				ENABLE_STRICT_OBJC_MSGSEND = YES;
				ENABLE_TESTABILITY = YES;
				ENABLE_USER_SCRIPT_SANDBOXING = YES;
				GCC_C_LANGUAGE_STANDARD = gnu17;
				GCC_DYNAMIC_NO_PIC = NO;
				GCC_NO_COMMON_BLOCKS = YES;
				GCC_OPTIMIZATION_LEVEL = 0;
				GCC_PREPROCESSOR_DEFINITIONS = (
					"DEBUG=1",
					"$(inherited)",
				);
				GCC_WARN_64_TO_32_BIT_CONVERSION = YES;
				GCC_WARN_ABOUT_RETURN_TYPE = YES_ERROR;
				GCC_WARN_UNDECLARED_SELECTOR = YES;
				GCC_WARN_UNINITIALIZED_AUTOS = YES_AGGRESSIVE;
				GCC_WARN_UNUSED_FUNCTION = YES;
				GCC_WARN_UNUSED_VARIABLE = YES;
				IPHONEOS_DEPLOYMENT_TARGET = 18.5;
				LOCALIZATION_PREFERS_STRING_CATALOGS = YES;
				MTL_ENABLE_DEBUG_INFO = INCLUDE_SOURCE;
				MTL_FAST_MATH = YES;
				ONLY_ACTIVE_ARCH = YES;
				SDKROOT = iphoneos;
				SWIFT_ACTIVE_COMPILATION_CONDITIONS = "DEBUG $(inherited)";
				SWIFT_OPTIMIZATION_LEVEL = "-Onone";
			};
			name = Debug;
		};
		F52888362E161E5600088EC7 /* Release */ = {
			isa = XCBuildConfiguration;
			buildSettings = {
				ALWAYS_SEARCH_USER_PATHS = NO;
				ASSETCATALOG_COMPILER_GENERATE_SWIFT_ASSET_SYMBOL_EXTENSIONS = YES;
				CLANG_ANALYZER_NONNULL = YES;
				CLANG_ANALYZER_NUMBER_OBJECT_CONVERSION = YES_AGGRESSIVE;
				CLANG_CXX_LANGUAGE_STANDARD = "gnu++20";
				CLANG_ENABLE_MODULES = YES;
				CLANG_ENABLE_OBJC_ARC = YES;
				CLANG_ENABLE_OBJC_WEAK = YES;
				CLANG_WARN_BLOCK_CAPTURE_AUTORELEASING = YES;
				CLANG_WARN_BOOL_CONVERSION = YES;
				CLANG_WARN_COMMA = YES;
				CLANG_WARN_CONSTANT_CONVERSION = YES;
				CLANG_WARN_DEPRECATED_OBJC_IMPLEMENTATIONS = YES;
				CLANG_WARN_DIRECT_OBJC_ISA_USAGE = YES_ERROR;
				CLANG_WARN_DOCUMENTATION_COMMENTS = YES;
				CLANG_WARN_EMPTY_BODY = YES;
				CLANG_WARN_ENUM_CONVERSION = YES;
				CLANG_WARN_INFINITE_RECURSION = YES;
				CLANG_WARN_INT_CONVERSION = YES;
				CLANG_WARN_NON_LITERAL_NULL_CONVERSION = YES;
				CLANG_WARN_OBJC_IMPLICIT_RETAIN_SELF = YES;
				CLANG_WARN_OBJC_LITERAL_CONVERSION = YES;
				CLANG_WARN_OBJC_ROOT_CLASS = YES_ERROR;
				CLANG_WARN_QUOTED_INCLUDE_IN_FRAMEWORK_HEADER = YES;
				CLANG_WARN_RANGE_LOOP_ANALYSIS = YES;
				CLANG_WARN_STRICT_PROTOTYPES = YES;
				CLANG_WARN_SUSPICIOUS_MOVE = YES;
				CLANG_WARN_UNGUARDED_AVAILABILITY = YES_AGGRESSIVE;
				CLANG_WARN_UNREACHABLE_CODE = YES;
				CLANG_WARN__DUPLICATE_METHOD_MATCH = YES;
				COPY_PHASE_STRIP = NO;
				DEBUG_INFORMATION_FORMAT = "dwarf-with-dsym";
				DEVELOPMENT_TEAM = NZYUF6MK32;
				ENABLE_NS_ASSERTIONS = NO;
				ENABLE_STRICT_OBJC_MSGSEND = YES;
				ENABLE_USER_SCRIPT_SANDBOXING = YES;
				GCC_C_LANGUAGE_STANDARD = gnu17;
				GCC_NO_COMMON_BLOCKS = YES;
				GCC_WARN_64_TO_32_BIT_CONVERSION = YES;
				GCC_WARN_ABOUT_RETURN_TYPE = YES_ERROR;
				GCC_WARN_UNDECLARED_SELECTOR = YES;
				GCC_WARN_UNINITIALIZED_AUTOS = YES_AGGRESSIVE;
				GCC_WARN_UNUSED_FUNCTION = YES;
				GCC_WARN_UNUSED_VARIABLE = YES;
				IPHONEOS_DEPLOYMENT_TARGET = 18.5;
				LOCALIZATION_PREFERS_STRING_CATALOGS = YES;
				MTL_ENABLE_DEBUG_INFO = NO;
				MTL_FAST_MATH = YES;
				SDKROOT = iphoneos;
				SWIFT_COMPILATION_MODE = wholemodule;
				VALIDATE_PRODUCT = YES;
			};
			name = Release;
		};
		F52888382E161E5600088EC7 /* Debug */ = {
			isa = XCBuildConfiguration;
			buildSettings = {
				BUNDLE_LOADER = "$(TEST_HOST)";
				CODE_SIGN_STYLE = Automatic;
				CURRENT_PROJECT_VERSION = 1;
				DEVELOPMENT_TEAM = NZYUF6MK32;
				GENERATE_INFOPLIST_FILE = YES;
				IPHONEOS_DEPLOYMENT_TARGET = 18.5;
				MARKETING_VERSION = 1.0;
				PRODUCT_BUNDLE_IDENTIFIER = etonealbert.DarkMatterUITests;
				PRODUCT_NAME = "$(TARGET_NAME)";
				SWIFT_EMIT_LOC_STRINGS = NO;
				SWIFT_VERSION = 5.0;
				TARGETED_DEVICE_FAMILY = "1,2";
				TEST_HOST = "$(BUILT_PRODUCTS_DIR)/DarkMatterUI.app/$(BUNDLE_EXECUTABLE_FOLDER_PATH)/DarkMatterUI";
			};
			name = Debug;
		};
		F52888392E161E5600088EC7 /* Release */ = {
			isa = XCBuildConfiguration;
			buildSettings = {
				BUNDLE_LOADER = "$(TEST_HOST)";
				CODE_SIGN_STYLE = Automatic;
				CURRENT_PROJECT_VERSION = 1;
				DEVELOPMENT_TEAM = NZYUF6MK32;
				GENERATE_INFOPLIST_FILE = YES;
				IPHONEOS_DEPLOYMENT_TARGET = 18.5;
				MARKETING_VERSION = 1.0;
				PRODUCT_BUNDLE_IDENTIFIER = etonealbert.DarkMatterUITests;
				PRODUCT_NAME = "$(TARGET_NAME)";
				SWIFT_EMIT_LOC_STRINGS = NO;
				SWIFT_VERSION = 5.0;
				TARGETED_DEVICE_FAMILY = "1,2";
				TEST_HOST = "$(BUILT_PRODUCTS_DIR)/DarkMatterUI.app/$(BUNDLE_EXECUTABLE_FOLDER_PATH)/DarkMatterUI";
			};
			name = Release;
		};
		F528883B2E161E5600088EC7 /* Debug */ = {
			isa = XCBuildConfiguration;
			buildSettings = {
				CODE_SIGN_STYLE = Automatic;
				CURRENT_PROJECT_VERSION = 1;
				DEVELOPMENT_TEAM = NZYUF6MK32;
				GENERATE_INFOPLIST_FILE = YES;
				MARKETING_VERSION = 1.0;
				PRODUCT_BUNDLE_IDENTIFIER = etonealbert.DarkMatterUIUITests;
				PRODUCT_NAME = "$(TARGET_NAME)";
				SWIFT_EMIT_LOC_STRINGS = NO;
				SWIFT_VERSION = 5.0;
				TARGETED_DEVICE_FAMILY = "1,2";
				TEST_TARGET_NAME = DarkMatterUI;
			};
			name = Debug;
		};
		F528883C2E161E5600088EC7 /* Release */ = {
			isa = XCBuildConfiguration;
			buildSettings = {
				CODE_SIGN_STYLE = Automatic;
				CURRENT_PROJECT_VERSION = 1;
				DEVELOPMENT_TEAM = NZYUF6MK32;
				GENERATE_INFOPLIST_FILE = YES;
				MARKETING_VERSION = 1.0;
				PRODUCT_BUNDLE_IDENTIFIER = etonealbert.DarkMatterUIUITests;
				PRODUCT_NAME = "$(TARGET_NAME)";
				SWIFT_EMIT_LOC_STRINGS = NO;
				SWIFT_VERSION = 5.0;
				TARGETED_DEVICE_FAMILY = "1,2";
				TEST_TARGET_NAME = DarkMatterUI;
			};
			name = Release;
		};
/* End XCBuildConfiguration section */

/* Begin XCConfigurationList section */
		F52888012E161E5500088EC7 /* Build configuration list for PBXProject "DarkMatterUI" */ = {
			isa = XCConfigurationList;
			buildConfigurations = (
				F52888352E161E5600088EC7 /* Debug */,
				F52888362E161E5600088EC7 /* Release */,
			);
			defaultConfigurationIsVisible = 0;
			defaultConfigurationName = Release;
		};
		F52888322E161E5600088EC7 /* Build configuration list for PBXNativeTarget "DarkMatterUI" */ = {
			isa = XCConfigurationList;
			buildConfigurations = (
				F52888332E161E5600088EC7 /* Debug */,
				F52888342E161E5600088EC7 /* Release */,
			);
			defaultConfigurationIsVisible = 0;
			defaultConfigurationName = Release;
		};
		F52888372E161E5600088EC7 /* Build configuration list for PBXNativeTarget "DarkMatterUITests" */ = {
			isa = XCConfigurationList;
			buildConfigurations = (
				F52888382E161E5600088EC7 /* Debug */,
				F52888392E161E5600088EC7 /* Release */,
			);
			defaultConfigurationIsVisible = 0;
			defaultConfigurationName = Release;
		};
		F528883A2E161E5600088EC7 /* Build configuration list for PBXNativeTarget "DarkMatterUIUITests" */ = {
			isa = XCConfigurationList;
			buildConfigurations = (
				F528883B2E161E5600088EC7 /* Debug */,
				F528883C2E161E5600088EC7 /* Release */,
			);
			defaultConfigurationIsVisible = 0;
			defaultConfigurationName = Release;
		};
/* End XCConfigurationList section */
	};
	rootObject = F52887FE2E161E5500088EC7 /* Project object */;
}
